# This file is automatically @generated by Cargo.
# It is not intended for manual editing.
version = 4

[[package]]
name = "kala"
version = "0.1.0"
dependencies = [
 "set26",
]

[[package]]
name = "set26"
version = "0.1.0"
source = "registry+https://github.com/rust-lang/crates.io-index"
checksum = "fa8af0532b7a0ceb36adaeee840a9ed2458d8b8f60195a66aaca92a1bbfddbc8"
